{
  "requires": true,
  "lockfileVersion": 1,
  "dependencies": {
    "select2-theme-bootstrap4": {
      "version": "0.2.0-beta.6",
      "resolved": "https://registry.npmjs.org/select2-theme-bootstrap4/-/select2-theme-bootstrap4-0.2.0-beta.6.tgz",
      "integrity": "sha512-e2qWK+hA5o/Dpy+xrdDBGkqQnPb3QJC4n4xL94nn/qjbQOyVWFF25LCFqNDriuwHPir7GlXz8JOcP/6z+Kd6+Q=="
    }
  }
}
